<?xml version="1.0" encoding="utf-8"?>
<Project ToolsVersion="4.0" xmlns="http://schemas.microsoft.com/developer/msbuild/2003">
  <ItemGroup>
    <Filter Include="Source Files">
      <UniqueIdentifier>{4FC737F1-C7A5-4376-A066-2A32D752A2FF}</UniqueIdentifier>
      <Extensions>cpp;c;cc;cxx;def;odl;idl;hpj;bat;asm;asmx</Extensions>
    </Filter>
    <Filter Include="Header Files">
      <UniqueIdentifier>{93995380-89BD-4b04-88EB-625FBE52EBFB}</UniqueIdentifier>
      <Extensions>h;hpp;hxx;hm;inl;inc;xsd</Extensions>
    </Filter>
    <Filter Include="Resource Files">
      <UniqueIdentifier>{67DA6AB6-F800-4c08-8B7A-83BB121AAD01}</UniqueIdentifier>
      <Extensions>rc;ico;cur;bmp;dlg;rc2;rct;bin;rgs;gif;jpg;jpeg;jpe;resx;tiff;tif;png;wav;mfcribbon-ms</Extensions>
    </Filter>
  </ItemGroup>
  <ItemGroup>
    <ClCompile Include="csp11.cpp">
      <Filter>Source Files</Filter>
    </ClCompile>
    <ClCompile Include="csp-debug.cpp">
      <Filter>Source Files</Filter>
    </ClCompile>
    <ClCompile Include="pkcs11-helpers.cpp">
      <Filter>Source Files</Filter>
    </ClCompile>
    <ClCompile Include="pkcs11-services.cpp">
      <Filter>Source Files</Filter>
    </ClCompile>
    <ClCompile Include="ui-pin.cpp">
      <Filter>Source Files</Filter>
    </ClCompile>
  </ItemGroup>
  <ItemGroup>
    <None Include="gnome-error.ico">
      <Filter>Resource Files</Filter>
    </None>
    <None Include="gnome-gnotravex.ico">
      <Filter>Resource Files</Filter>
    </None>
    <None Include="gnome-question.ico">
      <Filter>Resource Files</Filter>
    </None>
    <None Include="lock.ico">
      <Filter>Resource Files</Filter>
    </None>
    <None Include="Lock-Screen.ico">
      <Filter>Resource Files</Filter>
    </None>
    <None Include="password.ico">
      <Filter>Resource Files</Filter>
    </None>
    <None Include="OTLvCspCore.def">
      <Filter>Source Files</Filter>
    </None>
  </ItemGroup>
  <ItemGroup>
    <ClInclude Include="csp11.h">
      <Filter>Header Files</Filter>
    </ClInclude>
    <ClInclude Include="csp-debug.h">
      <Filter>Header Files</Filter>
    </ClInclude>
    <ClInclude Include="misscrypt.h">
      <Filter>Header Files</Filter>
    </ClInclude>
    <ClInclude Include="missdef.h">
      <Filter>Header Files</Filter>
    </ClInclude>
    <ClInclude Include="pkcs11-helpers.h">
      <Filter>Header Files</Filter>
    </ClInclude>
    <ClInclude Include="pkcs11-services.h">
      <Filter>Header Files</Filter>
    </ClInclude>
    <ClInclude Include="ui-pin.h">
      <Filter>Header Files</Filter>
    </ClInclude>
    <ClInclude Include="resource.h">
      <Filter>Header Files</Filter>
    </ClInclude>
  </ItemGroup>
  <ItemGroup>
    <ResourceCompile Include="OTLvCSPCore.rc">
      <Filter>Resource Files</Filter>
    </ResourceCompile>
  </ItemGroup>
</Project>