
Microsoft Visual Studio Solution File, Format Version 11.00
# Visual Studio 2010
Project("{8BC9CEB8-8B4A-11D0-8D11-00A0C91BC942}") = "OTLvCSP", "OTLvCSP\OTLvCSP.vcxproj", "{81CDDEBB-7B58-4CE9-B48A-466698627EE4}"
EndProject
Global
	GlobalSection(SolutionConfigurationPlatforms) = preSolution
		Debug|Win32 = Debug|Win32
		Debug|x64 = Debug|x64
		Release|Win32 = Release|Win32
		Release|x64 = Release|x64
	EndGlobalSection
	GlobalSection(ProjectConfigurationPlatforms) = postSolution
		{81CDDEBB-7B58-4CE9-B48A-466698627EE4}.Debug|Win32.ActiveCfg = Debug|Win32
		{81CDDEBB-7B58-4CE9-B48A-466698627EE4}.Debug|Win32.Build.0 = Debug|Win32
		{81CDDEBB-7B58-4CE9-B48A-466698627EE4}.Debug|x64.ActiveCfg = Debug|x64
		{81CDDEBB-7B58-4CE9-B48A-466698627EE4}.Debug|x64.Build.0 = Debug|x64
		{81CDDEBB-7B58-4CE9-B48A-466698627EE4}.Release|Win32.ActiveCfg = Release|Win32
		{81CDDEBB-7B58-4CE9-B48A-466698627EE4}.Release|Win32.Build.0 = Release|Win32
		{81CDDEBB-7B58-4CE9-B48A-466698627EE4}.Release|x64.ActiveCfg = Release|x64
		{81CDDEBB-7B58-4CE9-B48A-466698627EE4}.Release|x64.Build.0 = Release|x64
	EndGlobalSection
	GlobalSection(SolutionProperties) = preSolution
		HideSolutionNode = FALSE
	EndGlobalSection
EndGlobal
